
Microsoft Visual Studio Solution File, Format Version 12.00
# Visual Studio Version 17
VisualStudioVersion = 17.14.36202.13 d17.14
MinimumVisualStudioVersion = 10.0.40219.1
Project("{FAE04EC0-301F-11D3-BF4B-00C04F79EFBC}") = "degiskenler", "degiskenler\degiskenler.csproj", "{0521DA1A-B78B-479D-9369-3FD75C326438}"
EndProject
Global
	GlobalSection(SolutionConfigurationPlatforms) = preSolution
		Debug|Any CPU = Debug|Any CPU
		Release|Any CPU = Release|Any CPU
	EndGlobalSection
	GlobalSection(ProjectConfigurationPlatforms) = postSolution
		{0521DA1A-B78B-479D-9369-3FD75C326438}.Debug|Any CPU.ActiveCfg = Debug|Any CPU
		{0521DA1A-B78B-479D-9369-3FD75C326438}.Debug|Any CPU.Build.0 = Debug|Any CPU
		{0521DA1A-B78B-479D-9369-3FD75C326438}.Release|Any CPU.ActiveCfg = Release|Any CPU
		{0521DA1A-B78B-479D-9369-3FD75C326438}.Release|Any CPU.Build.0 = Release|Any CPU
	EndGlobalSection
	GlobalSection(SolutionProperties) = preSolution
		HideSolutionNode = FALSE
	EndGlobalSection
	GlobalSection(ExtensibilityGlobals) = postSolution
		SolutionGuid = {BBB0653E-E24F-47D7-8246-6843044AD040}
	EndGlobalSection
EndGlobal
